# THIS IS AN AUTOGENERATED FILE. DO NOT EDIT THIS FILE DIRECTLY.
# yarn lockfile v1


bluebird@^3.1.1:
  version "3.5.1"
  resolved "http://r.cnpmjs.org/bluebird/download/bluebird-3.5.1.tgz#d9551f9de98f1fcda1e683d17ee91a0602ee2eb9"

consolidate@^0.15.0:
  version "0.15.0"
  resolved "http://r.cnpmjs.org/consolidate/download/consolidate-0.15.0.tgz#397918901297d5f657d0a6514a30502245a20980"
  dependencies:
    bluebird "^3.1.1"
